<?xml version="1.0" encoding="UTF-8" standalone="yes" ?>
<CodeBlocks_project_file>
	<FileVersion major="1" minor="6" />
	<Project>
		<Option title="CG-Assignment-AlienThemePark" />
		<Option pch_mode="0" />
		<Option compiler="gcc" />
		<Build>
			<Target title="default">
				<Option output="build/opengl-utilities.exe" prefix_auto="0" extension_auto="0" />
				<Option type="1" />
				<Option compiler="gcc" />
				<Option use_console_runner="0" />
				<Option projectResourceIncludeDirsRelation="1" />
				<Compiler>
					<Add directory="include" />
				</Compiler>
			</Target>
		</Build>
		<VirtualTargets>
			<Add alias="All" targets="default;" />
		</VirtualTargets>
		<Compiler>
			<Add option="-std=c++11" />
			<Add option="-g" />
			<Add directory="dependencies/glut/include" />
			<Add directory="dependencies/sfml/include" />
		</Compiler>
		<Linker>
			<Add library="opengl32" />
			<Add library="glu32" />
			<Add library="glut32" />
			<Add library="sfml-graphics" />
			<Add library="sfml-system" />
			<Add library="sfml-window" />
			<Add directory="dependencies/glut/lib" />
			<Add directory="dependencies/sfml/lib" />
		</Linker>
		<Unit filename="AlienThemePark.cpp" />
		<Unit filename="AlienThemePark.hpp" />
		<Unit filename="CurveTower.cpp" />
		<Unit filename="CurveTower.hpp" />
		<Unit filename="FerrisMonster.cpp" />
		<Unit filename="FerrisMonster.hpp" />
		<Unit filename="RollerCoaster.cpp" />
		<Unit filename="RollerCoaster.hpp" />
		<Unit filename="Tower.cpp" />
		<Unit filename="Tower.hpp" />
		<Unit filename="main.cpp" />
		<Unit filename="utilities/Animatable.hpp" />
		<Unit filename="utilities/AnimationMaster.cpp" />
		<Unit filename="utilities/AnimationMaster.hpp" />
		<Unit filename="utilities/Drawable.hpp" />
		<Unit filename="utilities/Extrusion.cpp" />
		<Unit filename="utilities/Extrusion.hpp" />
		<Unit filename="utilities/FloatingAnimation.cpp" />
		<Unit filename="utilities/FloatingAnimation.hpp" />
		<Unit filename="utilities/GlutManager.cpp" />
		<Unit filename="utilities/GlutManager.hpp" />
		<Unit filename="utilities/GlutWindow.cpp" />
		<Unit filename="utilities/GlutWindow.hpp" />
		<Unit filename="utilities/Lathe.cpp" />
		<Unit filename="utilities/Lathe.hpp" />
		<Unit filename="utilities/Loft.cpp" />
		<Unit filename="utilities/Loft.hpp" />
		<Unit filename="utilities/Mesh.cpp" />
		<Unit filename="utilities/Mesh.hpp" />
		<Unit filename="utilities/MiscStructs.hpp" />
		<Unit filename="utilities/MyAxis.cpp" />
		<Unit filename="utilities/MyAxis.hpp" />
		<Unit filename="utilities/MyModelLoader.cpp" />
		<Unit filename="utilities/MyModelLoader.hpp" />
		<Unit filename="utilities/MyVirtualWorld.cpp" />
		<Unit filename="utilities/MyVirtualWorld.hpp" />
		<Unit filename="utilities/ObjReader.cpp" />
		<Unit filename="utilities/ObjReader.hpp" />
		<Unit filename="utilities/Replicate.cpp" />
		<Unit filename="utilities/Replicate.hpp" />
		<Unit filename="utilities/SelectMaster.cpp" />
		<Unit filename="utilities/SelectMaster.hpp" />
		<Unit filename="utilities/Selectable.cpp" />
		<Unit filename="utilities/Selectable.hpp" />
		<Unit filename="utilities/Signal.hpp" />
		<Unit filename="utilities/SplineAnimation.cpp" />
		<Unit filename="utilities/SplineAnimation.hpp" />
		<Unit filename="utilities/Texture.cpp" />
		<Unit filename="utilities/Texture.hpp" />
		<Unit filename="utilities/Transformable.cpp" />
		<Unit filename="utilities/Transformable.hpp" />
		<Unit filename="utilities/VecMatMath.cpp" />
		<Unit filename="utilities/VecMatMath.hpp" />
		<Unit filename="utilities/WypWindow.cpp" />
		<Unit filename="utilities/WypWindow.hpp" />
		<Extensions>
			<code_completion />
			<envvars />
			<debugger />
		</Extensions>
	</Project>
</CodeBlocks_project_file>
